PODS:
  - Capacitor (3.5.1):
    - CapacitorCordova
  - CapacitorCordova (3.5.1)

DEPENDENCIES:
  - "Capacitor (from `../node_modules/@capacitor/ios`)"
  - "CapacitorCordova (from `../node_modules/@capacitor/ios`)"

EXTERNAL SOURCES:
  Capacitor:
    :path: "../node_modules/@capacitor/ios"
  CapacitorCordova:
    :path: "../node_modules/@capacitor/ios"

SPEC CHECKSUMS:
  Capacitor: a13a4a985bf4e3eac033c74848c77ff29dfa13ca
  CapacitorCordova: 9305ba1d3c73fa7271f5b2c3ca8a92ea76b56c74

PODFILE CHECKSUM: d908dea01cb4b1885654341d3f4274148fb6d382

COCOAPODS: 1.11.3
